// !$*UTF8*$!
{
	archiveVersion = 1;
	classes = {
	};
	objectVersion = 55;
	objects = {

/* Begin PBXBuildFile section */
		0780BF6A2845E00200128925 /* AppDelegate.swift in Sources */ = {isa = PBXBuildFile; fileRef = 0780BF692845E00200128925 /* AppDelegate.swift */; };
		0780BF6C2845E00200128925 /* SceneDelegate.swift in Sources */ = {isa = PBXBuildFile; fileRef = 0780BF6B2845E00200128925 /* SceneDelegate.swift */; };
		0780BF6E2845E00200128925 /* HomeScreenViewController.swift in Sources */ = {isa = PBXBuildFile; fileRef = 0780BF6D2845E00200128925 /* HomeScreenViewController.swift */; };
		0780BF712845E00200128925 /* Main.storyboard in Resources */ = {isa = PBXBuildFile; fileRef = 0780BF6F2845E00200128925 /* Main.storyboard */; };
		0780BF732845E00300128925 /* Assets.xcassets in Resources */ = {isa = PBXBuildFile; fileRef = 0780BF722845E00300128925 /* Assets.xcassets */; };
		0780BF762845E00300128925 /* LaunchScreen.storyboard in Resources */ = {isa = PBXBuildFile; fileRef = 0780BF742845E00300128925 /* LaunchScreen.storyboard */; };
		0780BF812845E00300128925 /* IntroductionGameTests.swift in Sources */ = {isa = PBXBuildFile; fileRef = 0780BF802845E00300128925 /* IntroductionGameTests.swift */; };
		0780BF8B2845E00300128925 /* IntroductionGameUITests.swift in Sources */ = {isa = PBXBuildFile; fileRef = 0780BF8A2845E00300128925 /* IntroductionGameUITests.swift */; };
		0780BF8D2845E00300128925 /* IntroductionGameUITestsLaunchTests.swift in Sources */ = {isa = PBXBuildFile; fileRef = 0780BF8C2845E00300128925 /* IntroductionGameUITestsLaunchTests.swift */; };
		07A95A992845E605007EF05D /* R.generated.swift in Sources */ = {isa = PBXBuildFile; fileRef = 07A95A982845E605007EF05D /* R.generated.swift */; };
		07A95AA92845FD5F007EF05D /* HomeScreenView.xib in Resources */ = {isa = PBXBuildFile; fileRef = 07A95AA82845FD5F007EF05D /* HomeScreenView.xib */; };
		07A95AAC2845FF3F007EF05D /* IntroductionViewController.swift in Sources */ = {isa = PBXBuildFile; fileRef = 07A95AAA2845FF3F007EF05D /* IntroductionViewController.swift */; };
		07A95AAD2845FF3F007EF05D /* IntroductionViewController.xib in Resources */ = {isa = PBXBuildFile; fileRef = 07A95AAB2845FF3F007EF05D /* IntroductionViewController.xib */; };
		07A95AB02845FF60007EF05D /* DescriptionViewController.swift in Sources */ = {isa = PBXBuildFile; fileRef = 07A95AAE2845FF60007EF05D /* DescriptionViewController.swift */; };
		07A95AB12845FF60007EF05D /* DescriptionViewController.xib in Resources */ = {isa = PBXBuildFile; fileRef = 07A95AAF2845FF60007EF05D /* DescriptionViewController.xib */; };
		384D2A1D2AAC6EEB02141A95 /* Pods_IntroductionGame.framework in Frameworks */ = {isa = PBXBuildFile; fileRef = F6C6E52DFD3313BD5DD29C62 /* Pods_IntroductionGame.framework */; };
		7CF3F873CEFF30CE4AAA77CC /* Pods_IntroductionGameTests.framework in Frameworks */ = {isa = PBXBuildFile; fileRef = 7489B2F78F494275E62CCD0E /* Pods_IntroductionGameTests.framework */; };
		D251D0411B4E52EE41229491 /* Pods_IntroductionGame_IntroductionGameUITests.framework in Frameworks */ = {isa = PBXBuildFile; fileRef = 792AD8F6E88BD0077359C67E /* Pods_IntroductionGame_IntroductionGameUITests.framework */; };
/* End PBXBuildFile section */

/* Begin PBXContainerItemProxy section */
		0780BF7D2845E00300128925 /* PBXContainerItemProxy */ = {
			isa = PBXContainerItemProxy;
			containerPortal = 0780BF5E2845E00200128925 /* Project object */;
			proxyType = 1;
			remoteGlobalIDString = 0780BF652845E00200128925;
			remoteInfo = IntroductionGame;
		};
		0780BF872845E00300128925 /* PBXContainerItemProxy */ = {
			isa = PBXContainerItemProxy;
			containerPortal = 0780BF5E2845E00200128925 /* Project object */;
			proxyType = 1;
			remoteGlobalIDString = 0780BF652845E00200128925;
			remoteInfo = IntroductionGame;
		};
/* End PBXContainerItemProxy section */

/* Begin PBXFileReference section */
		0780BF662845E00200128925 /* IntroductionGame.app */ = {isa = PBXFileReference; explicitFileType = wrapper.application; includeInIndex = 0; path = IntroductionGame.app; sourceTree = BUILT_PRODUCTS_DIR; };
		0780BF692845E00200128925 /* AppDelegate.swift */ = {isa = PBXFileReference; lastKnownFileType = sourcecode.swift; path = AppDelegate.swift; sourceTree = "<group>"; };
		0780BF6B2845E00200128925 /* SceneDelegate.swift */ = {isa = PBXFileReference; lastKnownFileType = sourcecode.swift; path = SceneDelegate.swift; sourceTree = "<group>"; };
		0780BF6D2845E00200128925 /* HomeScreenViewController.swift */ = {isa = PBXFileReference; lastKnownFileType = sourcecode.swift; path = HomeScreenViewController.swift; sourceTree = "<group>"; };
		0780BF702845E00200128925 /* Base */ = {isa = PBXFileReference; lastKnownFileType = file.storyboard; name = Base; path = Base.lproj/Main.storyboard; sourceTree = "<group>"; };
		0780BF722845E00300128925 /* Assets.xcassets */ = {isa = PBXFileReference; lastKnownFileType = folder.assetcatalog; path = Assets.xcassets; sourceTree = "<group>"; };
		0780BF752845E00300128925 /* Base */ = {isa = PBXFileReference; lastKnownFileType = file.storyboard; name = Base; path = Base.lproj/LaunchScreen.storyboard; sourceTree = "<group>"; };
		0780BF772845E00300128925 /* Info.plist */ = {isa = PBXFileReference; lastKnownFileType = text.plist.xml; path = Info.plist; sourceTree = "<group>"; };
		0780BF7C2845E00300128925 /* IntroductionGameTests.xctest */ = {isa = PBXFileReference; explicitFileType = wrapper.cfbundle; includeInIndex = 0; path = IntroductionGameTests.xctest; sourceTree = BUILT_PRODUCTS_DIR; };
		0780BF802845E00300128925 /* IntroductionGameTests.swift */ = {isa = PBXFileReference; lastKnownFileType = sourcecode.swift; path = IntroductionGameTests.swift; sourceTree = "<group>"; };
		0780BF862845E00300128925 /* IntroductionGameUITests.xctest */ = {isa = PBXFileReference; explicitFileType = wrapper.cfbundle; includeInIndex = 0; path = IntroductionGameUITests.xctest; sourceTree = BUILT_PRODUCTS_DIR; };
		0780BF8A2845E00300128925 /* IntroductionGameUITests.swift */ = {isa = PBXFileReference; lastKnownFileType = sourcecode.swift; path = IntroductionGameUITests.swift; sourceTree = "<group>"; };
		0780BF8C2845E00300128925 /* IntroductionGameUITestsLaunchTests.swift */ = {isa = PBXFileReference; lastKnownFileType = sourcecode.swift; path = IntroductionGameUITestsLaunchTests.swift; sourceTree = "<group>"; };
		07A95A982845E605007EF05D /* R.generated.swift */ = {isa = PBXFileReference; fileEncoding = 4; lastKnownFileType = sourcecode.swift; path = R.generated.swift; sourceTree = "<group>"; };
		07A95AA82845FD5F007EF05D /* HomeScreenView.xib */ = {isa = PBXFileReference; lastKnownFileType = file.xib; path = HomeScreenView.xib; sourceTree = "<group>"; };
		07A95AAA2845FF3F007EF05D /* IntroductionViewController.swift */ = {isa = PBXFileReference; lastKnownFileType = sourcecode.swift; path = IntroductionViewController.swift; sourceTree = "<group>"; };
		07A95AAB2845FF3F007EF05D /* IntroductionViewController.xib */ = {isa = PBXFileReference; lastKnownFileType = file.xib; path = IntroductionViewController.xib; sourceTree = "<group>"; };
		07A95AAE2845FF60007EF05D /* DescriptionViewController.swift */ = {isa = PBXFileReference; lastKnownFileType = sourcecode.swift; path = DescriptionViewController.swift; sourceTree = "<group>"; };
		07A95AAF2845FF60007EF05D /* DescriptionViewController.xib */ = {isa = PBXFileReference; lastKnownFileType = file.xib; path = DescriptionViewController.xib; sourceTree = "<group>"; };
		41C4EF478B190B1484A58F66 /* Pods-IntroductionGameTests.debug.xcconfig */ = {isa = PBXFileReference; includeInIndex = 1; lastKnownFileType = text.xcconfig; name = "Pods-IntroductionGameTests.debug.xcconfig"; path = "Target Support Files/Pods-IntroductionGameTests/Pods-IntroductionGameTests.debug.xcconfig"; sourceTree = "<group>"; };
		57DD035D556573F7444243F2 /* Pods-IntroductionGame.release.xcconfig */ = {isa = PBXFileReference; includeInIndex = 1; lastKnownFileType = text.xcconfig; name = "Pods-IntroductionGame.release.xcconfig"; path = "Target Support Files/Pods-IntroductionGame/Pods-IntroductionGame.release.xcconfig"; sourceTree = "<group>"; };
		7489B2F78F494275E62CCD0E /* Pods_IntroductionGameTests.framework */ = {isa = PBXFileReference; explicitFileType = wrapper.framework; includeInIndex = 0; path = Pods_IntroductionGameTests.framework; sourceTree = BUILT_PRODUCTS_DIR; };
		792AD8F6E88BD0077359C67E /* Pods_IntroductionGame_IntroductionGameUITests.framework */ = {isa = PBXFileReference; explicitFileType = wrapper.framework; includeInIndex = 0; path = Pods_IntroductionGame_IntroductionGameUITests.framework; sourceTree = BUILT_PRODUCTS_DIR; };
		7B3F137F12AE6E3B1E906077 /* Pods-IntroductionGame-IntroductionGameUITests.debug.xcconfig */ = {isa = PBXFileReference; includeInIndex = 1; lastKnownFileType = text.xcconfig; name = "Pods-IntroductionGame-IntroductionGameUITests.debug.xcconfig"; path = "Target Support Files/Pods-IntroductionGame-IntroductionGameUITests/Pods-IntroductionGame-IntroductionGameUITests.debug.xcconfig"; sourceTree = "<group>"; };
		7D96DD1DD6B3A395ED1BA896 /* Pods-IntroductionGame.debug.xcconfig */ = {isa = PBXFileReference; includeInIndex = 1; lastKnownFileType = text.xcconfig; name = "Pods-IntroductionGame.debug.xcconfig"; path = "Target Support Files/Pods-IntroductionGame/Pods-IntroductionGame.debug.xcconfig"; sourceTree = "<group>"; };
		B73D08E3B7DB1A528E688391 /* Pods-IntroductionGameTests.release.xcconfig */ = {isa = PBXFileReference; includeInIndex = 1; lastKnownFileType = text.xcconfig; name = "Pods-IntroductionGameTests.release.xcconfig"; path = "Target Support Files/Pods-IntroductionGameTests/Pods-IntroductionGameTests.release.xcconfig"; sourceTree = "<group>"; };
		E99AE739B8BD27C020C94CB5 /* Pods-IntroductionGame-IntroductionGameUITests.release.xcconfig */ = {isa = PBXFileReference; includeInIndex = 1; lastKnownFileType = text.xcconfig; name = "Pods-IntroductionGame-IntroductionGameUITests.release.xcconfig"; path = "Target Support Files/Pods-IntroductionGame-IntroductionGameUITests/Pods-IntroductionGame-IntroductionGameUITests.release.xcconfig"; sourceTree = "<group>"; };
		F6C6E52DFD3313BD5DD29C62 /* Pods_IntroductionGame.framework */ = {isa = PBXFileReference; explicitFileType = wrapper.framework; includeInIndex = 0; path = Pods_IntroductionGame.framework; sourceTree = BUILT_PRODUCTS_DIR; };
/* End PBXFileReference section */

/* Begin PBXFrameworksBuildPhase section */
		0780BF632845E00200128925 /* Frameworks */ = {
			isa = PBXFrameworksBuildPhase;
			buildActionMask = 2147483647;
			files = (
				384D2A1D2AAC6EEB02141A95 /* Pods_IntroductionGame.framework in Frameworks */,
			);
			runOnlyForDeploymentPostprocessing = 0;
		};
		0780BF792845E00300128925 /* Frameworks */ = {
			isa = PBXFrameworksBuildPhase;
			buildActionMask = 2147483647;
			files = (
				7CF3F873CEFF30CE4AAA77CC /* Pods_IntroductionGameTests.framework in Frameworks */,
			);
			runOnlyForDeploymentPostprocessing = 0;
		};
		0780BF832845E00300128925 /* Frameworks */ = {
			isa = PBXFrameworksBuildPhase;
			buildActionMask = 2147483647;
			files = (
				D251D0411B4E52EE41229491 /* Pods_IntroductionGame_IntroductionGameUITests.framework in Frameworks */,
			);
			runOnlyForDeploymentPostprocessing = 0;
		};
/* End PBXFrameworksBuildPhase section */

/* Begin PBXGroup section */
		0780BF5D2845E00200128925 = {
			isa = PBXGroup;
			children = (
				07A95A982845E605007EF05D /* R.generated.swift */,
				0780BF682845E00200128925 /* IntroductionGame */,
				0780BF7F2845E00300128925 /* IntroductionGameTests */,
				0780BF892845E00300128925 /* IntroductionGameUITests */,
				0780BF672845E00200128925 /* Products */,
				E39E7C9085B8F66BCD5534A8 /* Pods */,
				89CFC3F5ABFA1C583C34D214 /* Frameworks */,
			);
			sourceTree = "<group>";
		};
		0780BF672845E00200128925 /* Products */ = {
			isa = PBXGroup;
			children = (
				0780BF662845E00200128925 /* IntroductionGame.app */,
				0780BF7C2845E00300128925 /* IntroductionGameTests.xctest */,
				0780BF862845E00300128925 /* IntroductionGameUITests.xctest */,
			);
			name = Products;
			sourceTree = "<group>";
		};
		0780BF682845E00200128925 /* IntroductionGame */ = {
			isa = PBXGroup;
			children = (
				0780BF692845E00200128925 /* AppDelegate.swift */,
				0780BF6B2845E00200128925 /* SceneDelegate.swift */,
				0780BF6D2845E00200128925 /* HomeScreenViewController.swift */,
				07A95AAA2845FF3F007EF05D /* IntroductionViewController.swift */,
				07A95AAE2845FF60007EF05D /* DescriptionViewController.swift */,
				07A95AAF2845FF60007EF05D /* DescriptionViewController.xib */,
				07A95AAB2845FF3F007EF05D /* IntroductionViewController.xib */,
				07A95AA82845FD5F007EF05D /* HomeScreenView.xib */,
				0780BF6F2845E00200128925 /* Main.storyboard */,
				0780BF722845E00300128925 /* Assets.xcassets */,
				0780BF742845E00300128925 /* LaunchScreen.storyboard */,
				0780BF772845E00300128925 /* Info.plist */,
			);
			path = IntroductionGame;
			sourceTree = "<group>";
		};
		0780BF7F2845E00300128925 /* IntroductionGameTests */ = {
			isa = PBXGroup;
			children = (
				0780BF802845E00300128925 /* IntroductionGameTests.swift */,
			);
			path = IntroductionGameTests;
			sourceTree = "<group>";
		};
		0780BF892845E00300128925 /* IntroductionGameUITests */ = {
			isa = PBXGroup;
			children = (
				0780BF8A2845E00300128925 /* IntroductionGameUITests.swift */,
				0780BF8C2845E00300128925 /* IntroductionGameUITestsLaunchTests.swift */,
			);
			path = IntroductionGameUITests;
			sourceTree = "<group>";
		};
		89CFC3F5ABFA1C583C34D214 /* Frameworks */ = {
			isa = PBXGroup;
			children = (
				F6C6E52DFD3313BD5DD29C62 /* Pods_IntroductionGame.framework */,
				792AD8F6E88BD0077359C67E /* Pods_IntroductionGame_IntroductionGameUITests.framework */,
				7489B2F78F494275E62CCD0E /* Pods_IntroductionGameTests.framework */,
			);
			name = Frameworks;
			sourceTree = "<group>";
		};
		E39E7C9085B8F66BCD5534A8 /* Pods */ = {
			isa = PBXGroup;
			children = (
				7D96DD1DD6B3A395ED1BA896 /* Pods-IntroductionGame.debug.xcconfig */,
				57DD035D556573F7444243F2 /* Pods-IntroductionGame.release.xcconfig */,
				7B3F137F12AE6E3B1E906077 /* Pods-IntroductionGame-IntroductionGameUITests.debug.xcconfig */,
				E99AE739B8BD27C020C94CB5 /* Pods-IntroductionGame-IntroductionGameUITests.release.xcconfig */,
				41C4EF478B190B1484A58F66 /* Pods-IntroductionGameTests.debug.xcconfig */,
				B73D08E3B7DB1A528E688391 /* Pods-IntroductionGameTests.release.xcconfig */,
			);
			path = Pods;
			sourceTree = "<group>";
		};
/* End PBXGroup section */

/* Begin PBXNativeTarget section */
		0780BF652845E00200128925 /* IntroductionGame */ = {
			isa = PBXNativeTarget;
			buildConfigurationList = 0780BF902845E00300128925 /* Build configuration list for PBXNativeTarget "IntroductionGame" */;
			buildPhases = (
				A57DCB2247580FBD9D7AAEDF /* [CP] Check Pods Manifest.lock */,
				07A95A972845E4BB007EF05D /* Run R.swift */,
				0780BF632845E00200128925 /* Frameworks */,
				0780BF642845E00200128925 /* Resources */,
				07A95A962845E193007EF05D /* Run SwiftLint */,
				13E0124E170F1648735AAE54 /* [CP] Embed Pods Frameworks */,
				0780BF622845E00200128925 /* Sources */,
			);
			buildRules = (
			);
			dependencies = (
			);
			name = IntroductionGame;
			productName = IntroductionGame;
			productReference = 0780BF662845E00200128925 /* IntroductionGame.app */;
			productType = "com.apple.product-type.application";
		};
		0780BF7B2845E00300128925 /* IntroductionGameTests */ = {
			isa = PBXNativeTarget;
			buildConfigurationList = 0780BF932845E00300128925 /* Build configuration list for PBXNativeTarget "IntroductionGameTests" */;
			buildPhases = (
				DDBEFC6F44FCAF986C5A5FB8 /* [CP] Check Pods Manifest.lock */,
				0780BF782845E00300128925 /* Sources */,
				0780BF792845E00300128925 /* Frameworks */,
				0780BF7A2845E00300128925 /* Resources */,
			);
			buildRules = (
			);
			dependencies = (
				0780BF7E2845E00300128925 /* PBXTargetDependency */,
			);
			name = IntroductionGameTests;
			productName = IntroductionGameTests;
			productReference = 0780BF7C2845E00300128925 /* IntroductionGameTests.xctest */;
			productType = "com.apple.product-type.bundle.unit-test";
		};
		0780BF852845E00300128925 /* IntroductionGameUITests */ = {
			isa = PBXNativeTarget;
			buildConfigurationList = 0780BF962845E00300128925 /* Build configuration list for PBXNativeTarget "IntroductionGameUITests" */;
			buildPhases = (
				FA81852395B34A0A84F5CE27 /* [CP] Check Pods Manifest.lock */,
				0780BF822845E00300128925 /* Sources */,
				0780BF832845E00300128925 /* Frameworks */,
				0780BF842845E00300128925 /* Resources */,
				08822AE7D8E9D5BE70F77602 /* [CP] Embed Pods Frameworks */,
			);
			buildRules = (
			);
			dependencies = (
				0780BF882845E00300128925 /* PBXTargetDependency */,
			);
			name = IntroductionGameUITests;
			productName = IntroductionGameUITests;
			productReference = 0780BF862845E00300128925 /* IntroductionGameUITests.xctest */;
			productType = "com.apple.product-type.bundle.ui-testing";
		};
/* End PBXNativeTarget section */

/* Begin PBXProject section */
		0780BF5E2845E00200128925 /* Project object */ = {
			isa = PBXProject;
			attributes = {
				BuildIndependentTargetsInParallel = 1;
				LastSwiftUpdateCheck = 1340;
				LastUpgradeCheck = 1340;
				TargetAttributes = {
					0780BF652845E00200128925 = {
						CreatedOnToolsVersion = 13.4;
					};
					0780BF7B2845E00300128925 = {
						CreatedOnToolsVersion = 13.4;
						TestTargetID = 0780BF652845E00200128925;
					};
					0780BF852845E00300128925 = {
						CreatedOnToolsVersion = 13.4;
						TestTargetID = 0780BF652845E00200128925;
					};
				};
			};
			buildConfigurationList = 0780BF612845E00200128925 /* Build configuration list for PBXProject "IntroductionGame" */;
			compatibilityVersion = "Xcode 13.0";
			developmentRegion = en;
			hasScannedForEncodings = 0;
			knownRegions = (
				en,
				Base,
			);
			mainGroup = 0780BF5D2845E00200128925;
			productRefGroup = 0780BF672845E00200128925 /* Products */;
			projectDirPath = "";
			projectRoot = "";
			targets = (
				0780BF652845E00200128925 /* IntroductionGame */,
				0780BF7B2845E00300128925 /* IntroductionGameTests */,
				0780BF852845E00300128925 /* IntroductionGameUITests */,
			);
		};
/* End PBXProject section */

/* Begin PBXResourcesBuildPhase section */
		0780BF642845E00200128925 /* Resources */ = {
			isa = PBXResourcesBuildPhase;
			buildActionMask = 2147483647;
			files = (
				07A95AAD2845FF3F007EF05D /* IntroductionViewController.xib in Resources */,
				0780BF762845E00300128925 /* LaunchScreen.storyboard in Resources */,
				0780BF732845E00300128925 /* Assets.xcassets in Resources */,
				07A95AB12845FF60007EF05D /* DescriptionViewController.xib in Resources */,
				0780BF712845E00200128925 /* Main.storyboard in Resources */,
				07A95AA92845FD5F007EF05D /* HomeScreenView.xib in Resources */,
			);
			runOnlyForDeploymentPostprocessing = 0;
		};
		0780BF7A2845E00300128925 /* Resources */ = {
			isa = PBXResourcesBuildPhase;
			buildActionMask = 2147483647;
			files = (
			);
			runOnlyForDeploymentPostprocessing = 0;
		};
		0780BF842845E00300128925 /* Resources */ = {
			isa = PBXResourcesBuildPhase;
			buildActionMask = 2147483647;
			files = (
			);
			runOnlyForDeploymentPostprocessing = 0;
		};
/* End PBXResourcesBuildPhase section */

/* Begin PBXShellScriptBuildPhase section */
		07A95A962845E193007EF05D /* Run SwiftLint */ = {
			isa = PBXShellScriptBuildPhase;
			buildActionMask = 2147483647;
			files = (
			);
			inputFileListPaths = (
			);
			inputPaths = (
			);
			name = "Run SwiftLint";
			outputFileListPaths = (
			);
			outputPaths = (
			);
			runOnlyForDeploymentPostprocessing = 0;
			shellPath = /bin/sh;
			shellScript = "if which swiftlint >/dev/null; then\n  swiftlint\nelse\n  echo \"SwiftLint does not exist, download from https://github.com/realm/SwiftLint\"\nfi\n";
		};
		07A95A972845E4BB007EF05D /* Run R.swift */ = {
			isa = PBXShellScriptBuildPhase;
			buildActionMask = 2147483647;
			files = (
			);
			inputFileListPaths = (
			);
			inputPaths = (
				"$TEMP_DIR/rswift-lastrun",
			);
			name = "Run R.swift";
			outputFileListPaths = (
			);
			outputPaths = (
				$SRCROOT/R.generated.swift,
			);
			runOnlyForDeploymentPostprocessing = 0;
			shellPath = /bin/sh;
			shellScript = "\"$PODS_ROOT/R.swift/rswift\" generate \"$SRCROOT/R.generated.swift\"\n";
		};
		08822AE7D8E9D5BE70F77602 /* [CP] Embed Pods Frameworks */ = {
			isa = PBXShellScriptBuildPhase;
			buildActionMask = 2147483647;
			files = (
			);
			inputFileListPaths = (
				"${PODS_ROOT}/Target Support Files/Pods-IntroductionGame-IntroductionGameUITests/Pods-IntroductionGame-IntroductionGameUITests-frameworks-${CONFIGURATION}-input-files.xcfilelist",
			);
			name = "[CP] Embed Pods Frameworks";
			outputFileListPaths = (
				"${PODS_ROOT}/Target Support Files/Pods-IntroductionGame-IntroductionGameUITests/Pods-IntroductionGame-IntroductionGameUITests-frameworks-${CONFIGURATION}-output-files.xcfilelist",
			);
			runOnlyForDeploymentPostprocessing = 0;
			shellPath = /bin/sh;
			shellScript = "\"${PODS_ROOT}/Target Support Files/Pods-IntroductionGame-IntroductionGameUITests/Pods-IntroductionGame-IntroductionGameUITests-frameworks.sh\"\n";
			showEnvVarsInLog = 0;
		};
		13E0124E170F1648735AAE54 /* [CP] Embed Pods Frameworks */ = {
			isa = PBXShellScriptBuildPhase;
			buildActionMask = 2147483647;
			files = (
			);
			inputFileListPaths = (
				"${PODS_ROOT}/Target Support Files/Pods-IntroductionGame/Pods-IntroductionGame-frameworks-${CONFIGURATION}-input-files.xcfilelist",
			);
			name = "[CP] Embed Pods Frameworks";
			outputFileListPaths = (
				"${PODS_ROOT}/Target Support Files/Pods-IntroductionGame/Pods-IntroductionGame-frameworks-${CONFIGURATION}-output-files.xcfilelist",
			);
			runOnlyForDeploymentPostprocessing = 0;
			shellPath = /bin/sh;
			shellScript = "\"${PODS_ROOT}/Target Support Files/Pods-IntroductionGame/Pods-IntroductionGame-frameworks.sh\"\n";
			showEnvVarsInLog = 0;
		};
		A57DCB2247580FBD9D7AAEDF /* [CP] Check Pods Manifest.lock */ = {
			isa = PBXShellScriptBuildPhase;
			buildActionMask = 2147483647;
			files = (
			);
			inputFileListPaths = (
			);
			inputPaths = (
				"${PODS_PODFILE_DIR_PATH}/Podfile.lock",
				"${PODS_ROOT}/Manifest.lock",
			);
			name = "[CP] Check Pods Manifest.lock";
			outputFileListPaths = (
			);
			outputPaths = (
				"$(DERIVED_FILE_DIR)/Pods-IntroductionGame-checkManifestLockResult.txt",
			);
			runOnlyForDeploymentPostprocessing = 0;
			shellPath = /bin/sh;
			shellScript = "diff \"${PODS_PODFILE_DIR_PATH}/Podfile.lock\" \"${PODS_ROOT}/Manifest.lock\" > /dev/null\nif [ $? != 0 ] ; then\n    # print error to STDERR\n    echo \"error: The sandbox is not in sync with the Podfile.lock. Run 'pod install' or update your CocoaPods installation.\" >&2\n    exit 1\nfi\n# This output is used by Xcode 'outputs' to avoid re-running this script phase.\necho \"SUCCESS\" > \"${SCRIPT_OUTPUT_FILE_0}\"\n";
			showEnvVarsInLog = 0;
		};
		DDBEFC6F44FCAF986C5A5FB8 /* [CP] Check Pods Manifest.lock */ = {
			isa = PBXShellScriptBuildPhase;
			buildActionMask = 2147483647;
			files = (
			);
			inputFileListPaths = (
			);
			inputPaths = (
				"${PODS_PODFILE_DIR_PATH}/Podfile.lock",
				"${PODS_ROOT}/Manifest.lock",
			);
			name = "[CP] Check Pods Manifest.lock";
			outputFileListPaths = (
			);
			outputPaths = (
				"$(DERIVED_FILE_DIR)/Pods-IntroductionGameTests-checkManifestLockResult.txt",
			);
			runOnlyForDeploymentPostprocessing = 0;
			shellPath = /bin/sh;
			shellScript = "diff \"${PODS_PODFILE_DIR_PATH}/Podfile.lock\" \"${PODS_ROOT}/Manifest.lock\" > /dev/null\nif [ $? != 0 ] ; then\n    # print error to STDERR\n    echo \"error: The sandbox is not in sync with the Podfile.lock. Run 'pod install' or update your CocoaPods installation.\" >&2\n    exit 1\nfi\n# This output is used by Xcode 'outputs' to avoid re-running this script phase.\necho \"SUCCESS\" > \"${SCRIPT_OUTPUT_FILE_0}\"\n";
			showEnvVarsInLog = 0;
		};
		FA81852395B34A0A84F5CE27 /* [CP] Check Pods Manifest.lock */ = {
			isa = PBXShellScriptBuildPhase;
			buildActionMask = 2147483647;
			files = (
			);
			inputFileListPaths = (
			);
			inputPaths = (
				"${PODS_PODFILE_DIR_PATH}/Podfile.lock",
				"${PODS_ROOT}/Manifest.lock",
			);
			name = "[CP] Check Pods Manifest.lock";
			outputFileListPaths = (
			);
			outputPaths = (
				"$(DERIVED_FILE_DIR)/Pods-IntroductionGame-IntroductionGameUITests-checkManifestLockResult.txt",
			);
			runOnlyForDeploymentPostprocessing = 0;
			shellPath = /bin/sh;
			shellScript = "diff \"${PODS_PODFILE_DIR_PATH}/Podfile.lock\" \"${PODS_ROOT}/Manifest.lock\" > /dev/null\nif [ $? != 0 ] ; then\n    # print error to STDERR\n    echo \"error: The sandbox is not in sync with the Podfile.lock. Run 'pod install' or update your CocoaPods installation.\" >&2\n    exit 1\nfi\n# This output is used by Xcode 'outputs' to avoid re-running this script phase.\necho \"SUCCESS\" > \"${SCRIPT_OUTPUT_FILE_0}\"\n";
			showEnvVarsInLog = 0;
		};
/* End PBXShellScriptBuildPhase section */

/* Begin PBXSourcesBuildPhase section */
		0780BF622845E00200128925 /* Sources */ = {
			isa = PBXSourcesBuildPhase;
			buildActionMask = 2147483647;
			files = (
				0780BF6E2845E00200128925 /* HomeScreenViewController.swift in Sources */,
				07A95AAC2845FF3F007EF05D /* IntroductionViewController.swift in Sources */,
				0780BF6A2845E00200128925 /* AppDelegate.swift in Sources */,
				07A95AB02845FF60007EF05D /* DescriptionViewController.swift in Sources */,
				0780BF6C2845E00200128925 /* SceneDelegate.swift in Sources */,
				07A95A992845E605007EF05D /* R.generated.swift in Sources */,
			);
			runOnlyForDeploymentPostprocessing = 0;
		};
		0780BF782845E00300128925 /* Sources */ = {
			isa = PBXSourcesBuildPhase;
			buildActionMask = 2147483647;
			files = (
				0780BF812845E00300128925 /* IntroductionGameTests.swift in Sources */,
			);
			runOnlyForDeploymentPostprocessing = 0;
		};
		0780BF822845E00300128925 /* Sources */ = {
			isa = PBXSourcesBuildPhase;
			buildActionMask = 2147483647;
			files = (
				0780BF8D2845E00300128925 /* IntroductionGameUITestsLaunchTests.swift in Sources */,
				0780BF8B2845E00300128925 /* IntroductionGameUITests.swift in Sources */,
			);
			runOnlyForDeploymentPostprocessing = 0;
		};
/* End PBXSourcesBuildPhase section */

/* Begin PBXTargetDependency section */
		0780BF7E2845E00300128925 /* PBXTargetDependency */ = {
			isa = PBXTargetDependency;
			target = 0780BF652845E00200128925 /* IntroductionGame */;
			targetProxy = 0780BF7D2845E00300128925 /* PBXContainerItemProxy */;
		};
		0780BF882845E00300128925 /* PBXTargetDependency */ = {
			isa = PBXTargetDependency;
			target = 0780BF652845E00200128925 /* IntroductionGame */;
			targetProxy = 0780BF872845E00300128925 /* PBXContainerItemProxy */;
		};
/* End PBXTargetDependency section */

/* Begin PBXVariantGroup section */
		0780BF6F2845E00200128925 /* Main.storyboard */ = {
			isa = PBXVariantGroup;
			children = (
				0780BF702845E00200128925 /* Base */,
			);
			name = Main.storyboard;
			sourceTree = "<group>";
		};
		0780BF742845E00300128925 /* LaunchScreen.storyboard */ = {
			isa = PBXVariantGroup;
			children = (
				0780BF752845E00300128925 /* Base */,
			);
			name = LaunchScreen.storyboard;
			sourceTree = "<group>";
		};
/* End PBXVariantGroup section */

/* Begin XCBuildConfiguration section */
		0780BF8E2845E00300128925 /* Debug */ = {
			isa = XCBuildConfiguration;
			buildSettings = {
				ALWAYS_SEARCH_USER_PATHS = NO;
				CLANG_ANALYZER_NONNULL = YES;
				CLANG_ANALYZER_NUMBER_OBJECT_CONVERSION = YES_AGGRESSIVE;
				CLANG_CXX_LANGUAGE_STANDARD = "gnu++17";
				CLANG_ENABLE_MODULES = YES;
				CLANG_ENABLE_OBJC_ARC = YES;
				CLANG_ENABLE_OBJC_WEAK = YES;
				CLANG_WARN_BLOCK_CAPTURE_AUTORELEASING = YES;
				CLANG_WARN_BOOL_CONVERSION = YES;
				CLANG_WARN_COMMA = YES;
				CLANG_WARN_CONSTANT_CONVERSION = YES;
				CLANG_WARN_DEPRECATED_OBJC_IMPLEMENTATIONS = YES;
				CLANG_WARN_DIRECT_OBJC_ISA_USAGE = YES_ERROR;
				CLANG_WARN_DOCUMENTATION_COMMENTS = YES;
				CLANG_WARN_EMPTY_BODY = YES;
				CLANG_WARN_ENUM_CONVERSION = YES;
				CLANG_WARN_INFINITE_RECURSION = YES;
				CLANG_WARN_INT_CONVERSION = YES;
				CLANG_WARN_NON_LITERAL_NULL_CONVERSION = YES;
				CLANG_WARN_OBJC_IMPLICIT_RETAIN_SELF = YES;
				CLANG_WARN_OBJC_LITERAL_CONVERSION = YES;
				CLANG_WARN_OBJC_ROOT_CLASS = YES_ERROR;
				CLANG_WARN_QUOTED_INCLUDE_IN_FRAMEWORK_HEADER = YES;
				CLANG_WARN_RANGE_LOOP_ANALYSIS = YES;
				CLANG_WARN_STRICT_PROTOTYPES = YES;
				CLANG_WARN_SUSPICIOUS_MOVE = YES;
				CLANG_WARN_UNGUARDED_AVAILABILITY = YES_AGGRESSIVE;
				CLANG_WARN_UNREACHABLE_CODE = YES;
				CLANG_WARN__DUPLICATE_METHOD_MATCH = YES;
				COPY_PHASE_STRIP = NO;
				DEBUG_INFORMATION_FORMAT = dwarf;
				ENABLE_STRICT_OBJC_MSGSEND = YES;
				ENABLE_TESTABILITY = YES;
				GCC_C_LANGUAGE_STANDARD = gnu11;
				GCC_DYNAMIC_NO_PIC = NO;
				GCC_NO_COMMON_BLOCKS = YES;
				GCC_OPTIMIZATION_LEVEL = 0;
				GCC_PREPROCESSOR_DEFINITIONS = (
					"DEBUG=1",
					"$(inherited)",
				);
				GCC_WARN_64_TO_32_BIT_CONVERSION = YES;
				GCC_WARN_ABOUT_RETURN_TYPE = YES_ERROR;
				GCC_WARN_UNDECLARED_SELECTOR = YES;
				GCC_WARN_UNINITIALIZED_AUTOS = YES_AGGRESSIVE;
				GCC_WARN_UNUSED_FUNCTION = YES;
				GCC_WARN_UNUSED_VARIABLE = YES;
				IPHONEOS_DEPLOYMENT_TARGET = 15.5;
				MTL_ENABLE_DEBUG_INFO = INCLUDE_SOURCE;
				MTL_FAST_MATH = YES;
				ONLY_ACTIVE_ARCH = YES;
				SDKROOT = iphoneos;
				SWIFT_ACTIVE_COMPILATION_CONDITIONS = DEBUG;
				SWIFT_OPTIMIZATION_LEVEL = "-Onone";
			};
			name = Debug;
		};
		0780BF8F2845E00300128925 /* Release */ = {
			isa = XCBuildConfiguration;
			buildSettings = {
				ALWAYS_SEARCH_USER_PATHS = NO;
				CLANG_ANALYZER_NONNULL = YES;
				CLANG_ANALYZER_NUMBER_OBJECT_CONVERSION = YES_AGGRESSIVE;
				CLANG_CXX_LANGUAGE_STANDARD = "gnu++17";
				CLANG_ENABLE_MODULES = YES;
				CLANG_ENABLE_OBJC_ARC = YES;
				CLANG_ENABLE_OBJC_WEAK = YES;
				CLANG_WARN_BLOCK_CAPTURE_AUTORELEASING = YES;
				CLANG_WARN_BOOL_CONVERSION = YES;
				CLANG_WARN_COMMA = YES;
				CLANG_WARN_CONSTANT_CONVERSION = YES;
				CLANG_WARN_DEPRECATED_OBJC_IMPLEMENTATIONS = YES;
				CLANG_WARN_DIRECT_OBJC_ISA_USAGE = YES_ERROR;
				CLANG_WARN_DOCUMENTATION_COMMENTS = YES;
				CLANG_WARN_EMPTY_BODY = YES;
				CLANG_WARN_ENUM_CONVERSION = YES;
				CLANG_WARN_INFINITE_RECURSION = YES;
				CLANG_WARN_INT_CONVERSION = YES;
				CLANG_WARN_NON_LITERAL_NULL_CONVERSION = YES;
				CLANG_WARN_OBJC_IMPLICIT_RETAIN_SELF = YES;
				CLANG_WARN_OBJC_LITERAL_CONVERSION = YES;
				CLANG_WARN_OBJC_ROOT_CLASS = YES_ERROR;
				CLANG_WARN_QUOTED_INCLUDE_IN_FRAMEWORK_HEADER = YES;
				CLANG_WARN_RANGE_LOOP_ANALYSIS = YES;
				CLANG_WARN_STRICT_PROTOTYPES = YES;
				CLANG_WARN_SUSPICIOUS_MOVE = YES;
				CLANG_WARN_UNGUARDED_AVAILABILITY = YES_AGGRESSIVE;
				CLANG_WARN_UNREACHABLE_CODE = YES;
				CLANG_WARN__DUPLICATE_METHOD_MATCH = YES;
				COPY_PHASE_STRIP = NO;
				DEBUG_INFORMATION_FORMAT = "dwarf-with-dsym";
				ENABLE_NS_ASSERTIONS = NO;
				ENABLE_STRICT_OBJC_MSGSEND = YES;
				GCC_C_LANGUAGE_STANDARD = gnu11;
				GCC_NO_COMMON_BLOCKS = YES;
				GCC_WARN_64_TO_32_BIT_CONVERSION = YES;
				GCC_WARN_ABOUT_RETURN_TYPE = YES_ERROR;
				GCC_WARN_UNDECLARED_SELECTOR = YES;
				GCC_WARN_UNINITIALIZED_AUTOS = YES_AGGRESSIVE;
				GCC_WARN_UNUSED_FUNCTION = YES;
				GCC_WARN_UNUSED_VARIABLE = YES;
				IPHONEOS_DEPLOYMENT_TARGET = 15.5;
				MTL_ENABLE_DEBUG_INFO = NO;
				MTL_FAST_MATH = YES;
				SDKROOT = iphoneos;
				SWIFT_COMPILATION_MODE = wholemodule;
				SWIFT_OPTIMIZATION_LEVEL = "-O";
				VALIDATE_PRODUCT = YES;
			};
			name = Release;
		};
		0780BF912845E00300128925 /* Debug */ = {
			isa = XCBuildConfiguration;
			baseConfigurationReference = 7D96DD1DD6B3A395ED1BA896 /* Pods-IntroductionGame.debug.xcconfig */;
			buildSettings = {
				ASSETCATALOG_COMPILER_APPICON_NAME = AppIcon;
				ASSETCATALOG_COMPILER_GLOBAL_ACCENT_COLOR_NAME = AccentColor;
				CODE_SIGN_STYLE = Automatic;
				CURRENT_PROJECT_VERSION = 1;
				DEVELOPMENT_TEAM = T6RT73J9GG;
				GENERATE_INFOPLIST_FILE = YES;
				INFOPLIST_FILE = IntroductionGame/Info.plist;
				INFOPLIST_KEY_UIApplicationSupportsIndirectInputEvents = YES;
				INFOPLIST_KEY_UILaunchStoryboardName = LaunchScreen;
				INFOPLIST_KEY_UIMainStoryboardFile = Main;
				INFOPLIST_KEY_UISupportedInterfaceOrientations_iPad = "UIInterfaceOrientationPortrait UIInterfaceOrientationPortraitUpsideDown UIInterfaceOrientationLandscapeLeft UIInterfaceOrientationLandscapeRight";
				INFOPLIST_KEY_UISupportedInterfaceOrientations_iPhone = "UIInterfaceOrientationPortrait UIInterfaceOrientationLandscapeLeft UIInterfaceOrientationLandscapeRight";
				LD_RUNPATH_SEARCH_PATHS = (
					"$(inherited)",
					"@executable_path/Frameworks",
				);
				MARKETING_VERSION = 1.0;
				PRODUCT_BUNDLE_IDENTIFIER = com.MasakatsuTagishi.IntroductionGame;
				PRODUCT_NAME = "$(TARGET_NAME)";
				SWIFT_EMIT_LOC_STRINGS = YES;
				SWIFT_VERSION = 5.0;
				TARGETED_DEVICE_FAMILY = "1,2";
			};
			name = Debug;
		};
		0780BF922845E00300128925 /* Release */ = {
			isa = XCBuildConfiguration;
			baseConfigurationReference = 57DD035D556573F7444243F2 /* Pods-IntroductionGame.release.xcconfig */;
			buildSettings = {
				ASSETCATALOG_COMPILER_APPICON_NAME = AppIcon;
				ASSETCATALOG_COMPILER_GLOBAL_ACCENT_COLOR_NAME = AccentColor;
				CODE_SIGN_STYLE = Automatic;
				CURRENT_PROJECT_VERSION = 1;
				DEVELOPMENT_TEAM = T6RT73J9GG;
				GENERATE_INFOPLIST_FILE = YES;
				INFOPLIST_FILE = IntroductionGame/Info.plist;
				INFOPLIST_KEY_UIApplicationSupportsIndirectInputEvents = YES;
				INFOPLIST_KEY_UILaunchStoryboardName = LaunchScreen;
				INFOPLIST_KEY_UIMainStoryboardFile = Main;
				INFOPLIST_KEY_UISupportedInterfaceOrientations_iPad = "UIInterfaceOrientationPortrait UIInterfaceOrientationPortraitUpsideDown UIInterfaceOrientationLandscapeLeft UIInterfaceOrientationLandscapeRight";
				INFOPLIST_KEY_UISupportedInterfaceOrientations_iPhone = "UIInterfaceOrientationPortrait UIInterfaceOrientationLandscapeLeft UIInterfaceOrientationLandscapeRight";
				LD_RUNPATH_SEARCH_PATHS = (
					"$(inherited)",
					"@executable_path/Frameworks",
				);
				MARKETING_VERSION = 1.0;
				PRODUCT_BUNDLE_IDENTIFIER = com.MasakatsuTagishi.IntroductionGame;
				PRODUCT_NAME = "$(TARGET_NAME)";
				SWIFT_EMIT_LOC_STRINGS = YES;
				SWIFT_VERSION = 5.0;
				TARGETED_DEVICE_FAMILY = "1,2";
			};
			name = Release;
		};
		0780BF942845E00300128925 /* Debug */ = {
			isa = XCBuildConfiguration;
			baseConfigurationReference = 41C4EF478B190B1484A58F66 /* Pods-IntroductionGameTests.debug.xcconfig */;
			buildSettings = {
				ALWAYS_EMBED_SWIFT_STANDARD_LIBRARIES = YES;
				BUNDLE_LOADER = "$(TEST_HOST)";
				CODE_SIGN_STYLE = Automatic;
				CURRENT_PROJECT_VERSION = 1;
				DEVELOPMENT_TEAM = T6RT73J9GG;
				GENERATE_INFOPLIST_FILE = YES;
				IPHONEOS_DEPLOYMENT_TARGET = 15.5;
				MARKETING_VERSION = 1.0;
				PRODUCT_BUNDLE_IDENTIFIER = com.MasakatsuTagishi.IntroductionGameTests;
				PRODUCT_NAME = "$(TARGET_NAME)";
				SWIFT_EMIT_LOC_STRINGS = NO;
				SWIFT_VERSION = 5.0;
				TARGETED_DEVICE_FAMILY = "1,2";
				TEST_HOST = "$(BUILT_PRODUCTS_DIR)/IntroductionGame.app/IntroductionGame";
			};
			name = Debug;
		};
		0780BF952845E00300128925 /* Release */ = {
			isa = XCBuildConfiguration;
			baseConfigurationReference = B73D08E3B7DB1A528E688391 /* Pods-IntroductionGameTests.release.xcconfig */;
			buildSettings = {
				ALWAYS_EMBED_SWIFT_STANDARD_LIBRARIES = YES;
				BUNDLE_LOADER = "$(TEST_HOST)";
				CODE_SIGN_STYLE = Automatic;
				CURRENT_PROJECT_VERSION = 1;
				DEVELOPMENT_TEAM = T6RT73J9GG;
				GENERATE_INFOPLIST_FILE = YES;
				IPHONEOS_DEPLOYMENT_TARGET = 15.5;
				MARKETING_VERSION = 1.0;
				PRODUCT_BUNDLE_IDENTIFIER = com.MasakatsuTagishi.IntroductionGameTests;
				PRODUCT_NAME = "$(TARGET_NAME)";
				SWIFT_EMIT_LOC_STRINGS = NO;
				SWIFT_VERSION = 5.0;
				TARGETED_DEVICE_FAMILY = "1,2";
				TEST_HOST = "$(BUILT_PRODUCTS_DIR)/IntroductionGame.app/IntroductionGame";
			};
			name = Release;
		};
		0780BF972845E00300128925 /* Debug */ = {
			isa = XCBuildConfiguration;
			baseConfigurationReference = 7B3F137F12AE6E3B1E906077 /* Pods-IntroductionGame-IntroductionGameUITests.debug.xcconfig */;
			buildSettings = {
				ALWAYS_EMBED_SWIFT_STANDARD_LIBRARIES = YES;
				CODE_SIGN_STYLE = Automatic;
				CURRENT_PROJECT_VERSION = 1;
				DEVELOPMENT_TEAM = T6RT73J9GG;
				GENERATE_INFOPLIST_FILE = YES;
				MARKETING_VERSION = 1.0;
				ONLY_ACTIVE_ARCH = NO;
				PRODUCT_BUNDLE_IDENTIFIER = com.MasakatsuTagishi.IntroductionGameUITests;
				PRODUCT_NAME = "$(TARGET_NAME)";
				SWIFT_EMIT_LOC_STRINGS = NO;
				SWIFT_VERSION = 5.0;
				TARGETED_DEVICE_FAMILY = "1,2";
				TEST_TARGET_NAME = IntroductionGame;
			};
			name = Debug;
		};
		0780BF982845E00300128925 /* Release */ = {
			isa = XCBuildConfiguration;
			baseConfigurationReference = E99AE739B8BD27C020C94CB5 /* Pods-IntroductionGame-IntroductionGameUITests.release.xcconfig */;
			buildSettings = {
				ALWAYS_EMBED_SWIFT_STANDARD_LIBRARIES = YES;
				CODE_SIGN_STYLE = Automatic;
				CURRENT_PROJECT_VERSION = 1;
				DEVELOPMENT_TEAM = T6RT73J9GG;
				GENERATE_INFOPLIST_FILE = YES;
				MARKETING_VERSION = 1.0;
				PRODUCT_BUNDLE_IDENTIFIER = com.MasakatsuTagishi.IntroductionGameUITests;
				PRODUCT_NAME = "$(TARGET_NAME)";
				SWIFT_EMIT_LOC_STRINGS = NO;
				SWIFT_VERSION = 5.0;
				TARGETED_DEVICE_FAMILY = "1,2";
				TEST_TARGET_NAME = IntroductionGame;
				VALIDATE_PRODUCT = NO;
			};
			name = Release;
		};
/* End XCBuildConfiguration section */

/* Begin XCConfigurationList section */
		0780BF612845E00200128925 /* Build configuration list for PBXProject "IntroductionGame" */ = {
			isa = XCConfigurationList;
			buildConfigurations = (
				0780BF8E2845E00300128925 /* Debug */,
				0780BF8F2845E00300128925 /* Release */,
			);
			defaultConfigurationIsVisible = 0;
			defaultConfigurationName = Release;
		};
		0780BF902845E00300128925 /* Build configuration list for PBXNativeTarget "IntroductionGame" */ = {
			isa = XCConfigurationList;
			buildConfigurations = (
				0780BF912845E00300128925 /* Debug */,
				0780BF922845E00300128925 /* Release */,
			);
			defaultConfigurationIsVisible = 0;
			defaultConfigurationName = Release;
		};
		0780BF932845E00300128925 /* Build configuration list for PBXNativeTarget "IntroductionGameTests" */ = {
			isa = XCConfigurationList;
			buildConfigurations = (
				0780BF942845E00300128925 /* Debug */,
				0780BF952845E00300128925 /* Release */,
			);
			defaultConfigurationIsVisible = 0;
			defaultConfigurationName = Release;
		};
		0780BF962845E00300128925 /* Build configuration list for PBXNativeTarget "IntroductionGameUITests" */ = {
			isa = XCConfigurationList;
			buildConfigurations = (
				0780BF972845E00300128925 /* Debug */,
				0780BF982845E00300128925 /* Release */,
			);
			defaultConfigurationIsVisible = 0;
			defaultConfigurationName = Release;
		};
/* End XCConfigurationList section */
	};
	rootObject = 0780BF5E2845E00200128925 /* Project object */;
}
